
Microsoft Visual Studio Solution File, Format Version 12.00
# Visual Studio 14
VisualStudioVersion = 14.0.25420.1
MinimumVisualStudioVersion = 10.0.40219.1
Project("{FAE04EC0-301F-11D3-BF4B-00C04F79EFBC}") = "Xamameteo", "Xamameteo\Xamameteo.csproj", "{918F29FF-3B04-4CA9-907B-3CD8F0482D82}"
EndProject
Project("{FAE04EC0-301F-11D3-BF4B-00C04F79EFBC}") = "XamameteoIOS", "App1\XamameteoIOS.csproj", "{17563645-64AE-47D5-A511-1499F341CE38}"
EndProject
Global
	GlobalSection(SolutionConfigurationPlatforms) = preSolution
		Ad-Hoc|Any CPU = Ad-Hoc|Any CPU
		Ad-Hoc|iPhone = Ad-Hoc|iPhone
		Ad-Hoc|iPhoneSimulator = Ad-Hoc|iPhoneSimulator
		AppStore|Any CPU = AppStore|Any CPU
		AppStore|iPhone = AppStore|iPhone
		AppStore|iPhoneSimulator = AppStore|iPhoneSimulator
		Debug|Any CPU = Debug|Any CPU
		Debug|iPhone = Debug|iPhone
		Debug|iPhoneSimulator = Debug|iPhoneSimulator
		Release|Any CPU = Release|Any CPU
		Release|iPhone = Release|iPhone
		Release|iPhoneSimulator = Release|iPhoneSimulator
	EndGlobalSection
	GlobalSection(ProjectConfigurationPlatforms) = postSolution
		{918F29FF-3B04-4CA9-907B-3CD8F0482D82}.Ad-Hoc|Any CPU.ActiveCfg = Release|Any CPU
		{918F29FF-3B04-4CA9-907B-3CD8F0482D82}.Ad-Hoc|Any CPU.Build.0 = Release|Any CPU
		{918F29FF-3B04-4CA9-907B-3CD8F0482D82}.Ad-Hoc|Any CPU.Deploy.0 = Release|Any CPU
		{918F29FF-3B04-4CA9-907B-3CD8F0482D82}.Ad-Hoc|iPhone.ActiveCfg = Release|Any CPU
		{918F29FF-3B04-4CA9-907B-3CD8F0482D82}.Ad-Hoc|iPhone.Build.0 = Release|Any CPU
		{918F29FF-3B04-4CA9-907B-3CD8F0482D82}.Ad-Hoc|iPhone.Deploy.0 = Release|Any CPU
		{918F29FF-3B04-4CA9-907B-3CD8F0482D82}.Ad-Hoc|iPhoneSimulator.ActiveCfg = Release|Any CPU
		{918F29FF-3B04-4CA9-907B-3CD8F0482D82}.Ad-Hoc|iPhoneSimulator.Build.0 = Release|Any CPU
		{918F29FF-3B04-4CA9-907B-3CD8F0482D82}.Ad-Hoc|iPhoneSimulator.Deploy.0 = Release|Any CPU
		{918F29FF-3B04-4CA9-907B-3CD8F0482D82}.AppStore|Any CPU.ActiveCfg = Release|Any CPU
		{918F29FF-3B04-4CA9-907B-3CD8F0482D82}.AppStore|Any CPU.Build.0 = Release|Any CPU
		{918F29FF-3B04-4CA9-907B-3CD8F0482D82}.AppStore|Any CPU.Deploy.0 = Release|Any CPU
		{918F29FF-3B04-4CA9-907B-3CD8F0482D82}.AppStore|iPhone.ActiveCfg = Release|Any CPU
		{918F29FF-3B04-4CA9-907B-3CD8F0482D82}.AppStore|iPhone.Build.0 = Release|Any CPU
		{918F29FF-3B04-4CA9-907B-3CD8F0482D82}.AppStore|iPhone.Deploy.0 = Release|Any CPU
		{918F29FF-3B04-4CA9-907B-3CD8F0482D82}.AppStore|iPhoneSimulator.ActiveCfg = Release|Any CPU
		{918F29FF-3B04-4CA9-907B-3CD8F0482D82}.AppStore|iPhoneSimulator.Build.0 = Release|Any CPU
		{918F29FF-3B04-4CA9-907B-3CD8F0482D82}.AppStore|iPhoneSimulator.Deploy.0 = Release|Any CPU
		{918F29FF-3B04-4CA9-907B-3CD8F0482D82}.Debug|Any CPU.ActiveCfg = Debug|Any CPU
		{918F29FF-3B04-4CA9-907B-3CD8F0482D82}.Debug|Any CPU.Build.0 = Debug|Any CPU
		{918F29FF-3B04-4CA9-907B-3CD8F0482D82}.Debug|Any CPU.Deploy.0 = Debug|Any CPU
		{918F29FF-3B04-4CA9-907B-3CD8F0482D82}.Debug|iPhone.ActiveCfg = Debug|Any CPU
		{918F29FF-3B04-4CA9-907B-3CD8F0482D82}.Debug|iPhone.Build.0 = Debug|Any CPU
		{918F29FF-3B04-4CA9-907B-3CD8F0482D82}.Debug|iPhone.Deploy.0 = Debug|Any CPU
		{918F29FF-3B04-4CA9-907B-3CD8F0482D82}.Debug|iPhoneSimulator.ActiveCfg = Debug|Any CPU
		{918F29FF-3B04-4CA9-907B-3CD8F0482D82}.Debug|iPhoneSimulator.Build.0 = Debug|Any CPU
		{918F29FF-3B04-4CA9-907B-3CD8F0482D82}.Debug|iPhoneSimulator.Deploy.0 = Debug|Any CPU
		{918F29FF-3B04-4CA9-907B-3CD8F0482D82}.Release|Any CPU.ActiveCfg = Release|Any CPU
		{918F29FF-3B04-4CA9-907B-3CD8F0482D82}.Release|Any CPU.Build.0 = Release|Any CPU
		{918F29FF-3B04-4CA9-907B-3CD8F0482D82}.Release|Any CPU.Deploy.0 = Release|Any CPU
		{918F29FF-3B04-4CA9-907B-3CD8F0482D82}.Release|iPhone.ActiveCfg = Release|Any CPU
		{918F29FF-3B04-4CA9-907B-3CD8F0482D82}.Release|iPhone.Build.0 = Release|Any CPU
		{918F29FF-3B04-4CA9-907B-3CD8F0482D82}.Release|iPhone.Deploy.0 = Release|Any CPU
		{918F29FF-3B04-4CA9-907B-3CD8F0482D82}.Release|iPhoneSimulator.ActiveCfg = Release|Any CPU
		{918F29FF-3B04-4CA9-907B-3CD8F0482D82}.Release|iPhoneSimulator.Build.0 = Release|Any CPU
		{918F29FF-3B04-4CA9-907B-3CD8F0482D82}.Release|iPhoneSimulator.Deploy.0 = Release|Any CPU
		{17563645-64AE-47D5-A511-1499F341CE38}.Ad-Hoc|Any CPU.ActiveCfg = Ad-Hoc|iPhone
		{17563645-64AE-47D5-A511-1499F341CE38}.Ad-Hoc|iPhone.ActiveCfg = Ad-Hoc|iPhone
		{17563645-64AE-47D5-A511-1499F341CE38}.Ad-Hoc|iPhone.Build.0 = Ad-Hoc|iPhone
		{17563645-64AE-47D5-A511-1499F341CE38}.Ad-Hoc|iPhoneSimulator.ActiveCfg = Ad-Hoc|iPhoneSimulator
		{17563645-64AE-47D5-A511-1499F341CE38}.Ad-Hoc|iPhoneSimulator.Build.0 = Ad-Hoc|iPhoneSimulator
		{17563645-64AE-47D5-A511-1499F341CE38}.AppStore|Any CPU.ActiveCfg = AppStore|iPhone
		{17563645-64AE-47D5-A511-1499F341CE38}.AppStore|iPhone.ActiveCfg = AppStore|iPhone
		{17563645-64AE-47D5-A511-1499F341CE38}.AppStore|iPhone.Build.0 = AppStore|iPhone
		{17563645-64AE-47D5-A511-1499F341CE38}.AppStore|iPhoneSimulator.ActiveCfg = AppStore|iPhoneSimulator
		{17563645-64AE-47D5-A511-1499F341CE38}.AppStore|iPhoneSimulator.Build.0 = AppStore|iPhoneSimulator
		{17563645-64AE-47D5-A511-1499F341CE38}.Debug|Any CPU.ActiveCfg = Debug|iPhone
		{17563645-64AE-47D5-A511-1499F341CE38}.Debug|iPhone.ActiveCfg = Debug|iPhone
		{17563645-64AE-47D5-A511-1499F341CE38}.Debug|iPhone.Build.0 = Debug|iPhone
		{17563645-64AE-47D5-A511-1499F341CE38}.Debug|iPhoneSimulator.ActiveCfg = Debug|iPhoneSimulator
		{17563645-64AE-47D5-A511-1499F341CE38}.Debug|iPhoneSimulator.Build.0 = Debug|iPhoneSimulator
		{17563645-64AE-47D5-A511-1499F341CE38}.Release|Any CPU.ActiveCfg = Release|iPhone
		{17563645-64AE-47D5-A511-1499F341CE38}.Release|iPhone.ActiveCfg = Release|iPhone
		{17563645-64AE-47D5-A511-1499F341CE38}.Release|iPhone.Build.0 = Release|iPhone
		{17563645-64AE-47D5-A511-1499F341CE38}.Release|iPhoneSimulator.ActiveCfg = Release|iPhoneSimulator
		{17563645-64AE-47D5-A511-1499F341CE38}.Release|iPhoneSimulator.Build.0 = Release|iPhoneSimulator
	EndGlobalSection
	GlobalSection(SolutionProperties) = preSolution
		HideSolutionNode = FALSE
	EndGlobalSection
EndGlobal
